
Microsoft Visual Studio Solution File, Format Version 12.00
# Visual Studio Version 16
VisualStudioVersion = 16.0.32126.315
MinimumVisualStudioVersion = 10.0.40219.1
Project("{FAE04EC0-301F-11D3-BF4B-00C04F79EFBC}") = "u20676736_HW06", "u20676736_HW06\u20676736_HW06.csproj", "{8AE74CBF-61EC-4BED-B3BA-110A69EFB4D2}"
EndProject
Global
	GlobalSection(SolutionConfigurationPlatforms) = preSolution
		Debug|Any CPU = Debug|Any CPU
		Release|Any CPU = Release|Any CPU
	EndGlobalSection
	GlobalSection(ProjectConfigurationPlatforms) = postSolution
		{8AE74CBF-61EC-4BED-B3BA-110A69EFB4D2}.Debug|Any CPU.ActiveCfg = Debug|Any CPU
		{8AE74CBF-61EC-4BED-B3BA-110A69EFB4D2}.Debug|Any CPU.Build.0 = Debug|Any CPU
		{8AE74CBF-61EC-4BED-B3BA-110A69EFB4D2}.Release|Any CPU.ActiveCfg = Release|Any CPU
		{8AE74CBF-61EC-4BED-B3BA-110A69EFB4D2}.Release|Any CPU.Build.0 = Release|Any CPU
	EndGlobalSection
	GlobalSection(SolutionProperties) = preSolution
		HideSolutionNode = FALSE
	EndGlobalSection
	GlobalSection(ExtensibilityGlobals) = postSolution
		SolutionGuid = {0D006A0C-0CE5-479D-B37E-9B1D11D5025D}
	EndGlobalSection
EndGlobal
